
Microsoft Visual Studio Solution File, Format Version 12.00
Project("{FAE04EC0-301F-11D3-BF4B-00C04F79EFBC}") = "Dex.DalGenerator", "Dex.DalGenerator\Dex.DalGenerator.csproj", "{0F7D80FA-94B7-424E-B2FA-5A72A2E3DC24}"
EndProject
Project("{FAE04EC0-301F-11D3-BF4B-00C04F79EFBC}") = "Dex.DalGenerator.Core", "Dex.DalGenerator.Core\Dex.DalGenerator.Core.csproj", "{0CA116B2-84B6-46D0-8AF4-C5F83437DED8}"
EndProject
Project("{FAE04EC0-301F-11D3-BF4B-00C04F79EFBC}") = "Dex.DalGenerator.Annotation", "Dex.DalGenerator.Annotation\Dex.DalGenerator.Annotation.csproj", "{16D9B63A-2753-424E-9EC6-2F1C541C4D30}"
EndProject
Global
	GlobalSection(SolutionConfigurationPlatforms) = preSolution
		Debug|Any CPU = Debug|Any CPU
		Release|Any CPU = Release|Any CPU
	EndGlobalSection
	GlobalSection(ProjectConfigurationPlatforms) = postSolution
		{0F7D80FA-94B7-424E-B2FA-5A72A2E3DC24}.Debug|Any CPU.ActiveCfg = Debug|Any CPU
		{0F7D80FA-94B7-424E-B2FA-5A72A2E3DC24}.Debug|Any CPU.Build.0 = Debug|Any CPU
		{0F7D80FA-94B7-424E-B2FA-5A72A2E3DC24}.Release|Any CPU.ActiveCfg = Release|Any CPU
		{0F7D80FA-94B7-424E-B2FA-5A72A2E3DC24}.Release|Any CPU.Build.0 = Release|Any CPU
		{0CA116B2-84B6-46D0-8AF4-C5F83437DED8}.Debug|Any CPU.ActiveCfg = Debug|Any CPU
		{0CA116B2-84B6-46D0-8AF4-C5F83437DED8}.Debug|Any CPU.Build.0 = Debug|Any CPU
		{0CA116B2-84B6-46D0-8AF4-C5F83437DED8}.Release|Any CPU.ActiveCfg = Release|Any CPU
		{0CA116B2-84B6-46D0-8AF4-C5F83437DED8}.Release|Any CPU.Build.0 = Release|Any CPU
		{16D9B63A-2753-424E-9EC6-2F1C541C4D30}.Debug|Any CPU.ActiveCfg = Debug|Any CPU
		{16D9B63A-2753-424E-9EC6-2F1C541C4D30}.Debug|Any CPU.Build.0 = Debug|Any CPU
		{16D9B63A-2753-424E-9EC6-2F1C541C4D30}.Release|Any CPU.ActiveCfg = Release|Any CPU
		{16D9B63A-2753-424E-9EC6-2F1C541C4D30}.Release|Any CPU.Build.0 = Release|Any CPU
	EndGlobalSection
EndGlobal
